
Microsoft Visual Studio Solution File, Format Version 12.00
# Visual Studio 15
VisualStudioVersion = 15.0.26124.0
MinimumVisualStudioVersion = 15.0.26124.0
Project("{2150E333-8FDC-42A3-9474-1A3956D46DE8}") = "src", "src", "{4F543A3C-B1DD-4CD2-8B7E-83052327A961}"
EndProject
Project("{FAE04EC0-301F-11D3-BF4B-00C04F79EFBC}") = "Application", "src\Application\Enfile.Application.csproj", "{8FDB0281-134B-4414-B8FA-3629898148C6}"
EndProject
Project("{FAE04EC0-301F-11D3-BF4B-00C04F79EFBC}") = "Presentation", "src\Presentation\Enfile.Presentation.csproj", "{B7E97509-3733-42BB-B3BC-FAC53612D998}"
EndProject
Project("{FAE04EC0-301F-11D3-BF4B-00C04F79EFBC}") = "Core", "src\Core\Enfile.Core.csproj", "{DD340B0A-ADFD-4801-B62A-80431C9A729C}"
EndProject
Project("{FAE04EC0-301F-11D3-BF4B-00C04F79EFBC}") = "Infrastructure", "src\Infrastructure\Enfile.Infrastructure.csproj", "{DBB01EA8-FB16-4788-AB74-0DB5252807F8}"
EndProject
Project("{FAE04EC0-301F-11D3-BF4B-00C04F79EFBC}") = "Sdk", "src\Sdk\Enfile.Sdk.csproj", "{7952E768-4EED-4A63-B744-685EB376FB91}"
EndProject
Project("{FAE04EC0-301F-11D3-BF4B-00C04F79EFBC}") = "Commons", "src\Commons\Enfile.Commons.csproj", "{1D6F4DC9-44A9-4EB4-B7DD-BD1934C15A66}"
EndProject
Project("{2150E333-8FDC-42A3-9474-1A3956D46DE8}") = "test", "test", "{5964D1C7-E8F3-4E03-97DE-CAC59FE3A9A9}"
EndProject
Project("{FAE04EC0-301F-11D3-BF4B-00C04F79EFBC}") = "AcceptanceTest", "test\AcceptanceTest\Enfile.AcceptanceTest.csproj", "{C42D95A0-5A16-481C-B806-381F2C02EB58}"
EndProject
Global
	GlobalSection(SolutionConfigurationPlatforms) = preSolution
		Debug|Any CPU = Debug|Any CPU
		Debug|x64 = Debug|x64
		Debug|x86 = Debug|x86
		Release|Any CPU = Release|Any CPU
		Release|x64 = Release|x64
		Release|x86 = Release|x86
	EndGlobalSection
	GlobalSection(SolutionProperties) = preSolution
		HideSolutionNode = FALSE
	EndGlobalSection
	GlobalSection(ProjectConfigurationPlatforms) = postSolution
		{8FDB0281-134B-4414-B8FA-3629898148C6}.Debug|Any CPU.ActiveCfg = Debug|Any CPU
		{8FDB0281-134B-4414-B8FA-3629898148C6}.Debug|Any CPU.Build.0 = Debug|Any CPU
		{8FDB0281-134B-4414-B8FA-3629898148C6}.Debug|x64.ActiveCfg = Debug|x64
		{8FDB0281-134B-4414-B8FA-3629898148C6}.Debug|x64.Build.0 = Debug|x64
		{8FDB0281-134B-4414-B8FA-3629898148C6}.Debug|x86.ActiveCfg = Debug|x86
		{8FDB0281-134B-4414-B8FA-3629898148C6}.Debug|x86.Build.0 = Debug|x86
		{8FDB0281-134B-4414-B8FA-3629898148C6}.Release|Any CPU.ActiveCfg = Release|Any CPU
		{8FDB0281-134B-4414-B8FA-3629898148C6}.Release|Any CPU.Build.0 = Release|Any CPU
		{8FDB0281-134B-4414-B8FA-3629898148C6}.Release|x64.ActiveCfg = Release|x64
		{8FDB0281-134B-4414-B8FA-3629898148C6}.Release|x64.Build.0 = Release|x64
		{8FDB0281-134B-4414-B8FA-3629898148C6}.Release|x86.ActiveCfg = Release|x86
		{8FDB0281-134B-4414-B8FA-3629898148C6}.Release|x86.Build.0 = Release|x86
		{B7E97509-3733-42BB-B3BC-FAC53612D998}.Debug|Any CPU.ActiveCfg = Debug|Any CPU
		{B7E97509-3733-42BB-B3BC-FAC53612D998}.Debug|Any CPU.Build.0 = Debug|Any CPU
		{B7E97509-3733-42BB-B3BC-FAC53612D998}.Debug|x64.ActiveCfg = Debug|x64
		{B7E97509-3733-42BB-B3BC-FAC53612D998}.Debug|x64.Build.0 = Debug|x64
		{B7E97509-3733-42BB-B3BC-FAC53612D998}.Debug|x86.ActiveCfg = Debug|x86
		{B7E97509-3733-42BB-B3BC-FAC53612D998}.Debug|x86.Build.0 = Debug|x86
		{B7E97509-3733-42BB-B3BC-FAC53612D998}.Release|Any CPU.ActiveCfg = Release|Any CPU
		{B7E97509-3733-42BB-B3BC-FAC53612D998}.Release|Any CPU.Build.0 = Release|Any CPU
		{B7E97509-3733-42BB-B3BC-FAC53612D998}.Release|x64.ActiveCfg = Release|x64
		{B7E97509-3733-42BB-B3BC-FAC53612D998}.Release|x64.Build.0 = Release|x64
		{B7E97509-3733-42BB-B3BC-FAC53612D998}.Release|x86.ActiveCfg = Release|x86
		{B7E97509-3733-42BB-B3BC-FAC53612D998}.Release|x86.Build.0 = Release|x86
		{DD340B0A-ADFD-4801-B62A-80431C9A729C}.Debug|Any CPU.ActiveCfg = Debug|Any CPU
		{DD340B0A-ADFD-4801-B62A-80431C9A729C}.Debug|Any CPU.Build.0 = Debug|Any CPU
		{DD340B0A-ADFD-4801-B62A-80431C9A729C}.Debug|x64.ActiveCfg = Debug|x64
		{DD340B0A-ADFD-4801-B62A-80431C9A729C}.Debug|x64.Build.0 = Debug|x64
		{DD340B0A-ADFD-4801-B62A-80431C9A729C}.Debug|x86.ActiveCfg = Debug|x86
		{DD340B0A-ADFD-4801-B62A-80431C9A729C}.Debug|x86.Build.0 = Debug|x86
		{DD340B0A-ADFD-4801-B62A-80431C9A729C}.Release|Any CPU.ActiveCfg = Release|Any CPU
		{DD340B0A-ADFD-4801-B62A-80431C9A729C}.Release|Any CPU.Build.0 = Release|Any CPU
		{DD340B0A-ADFD-4801-B62A-80431C9A729C}.Release|x64.ActiveCfg = Release|x64
		{DD340B0A-ADFD-4801-B62A-80431C9A729C}.Release|x64.Build.0 = Release|x64
		{DD340B0A-ADFD-4801-B62A-80431C9A729C}.Release|x86.ActiveCfg = Release|x86
		{DD340B0A-ADFD-4801-B62A-80431C9A729C}.Release|x86.Build.0 = Release|x86
		{DBB01EA8-FB16-4788-AB74-0DB5252807F8}.Debug|Any CPU.ActiveCfg = Debug|Any CPU
		{DBB01EA8-FB16-4788-AB74-0DB5252807F8}.Debug|Any CPU.Build.0 = Debug|Any CPU
		{DBB01EA8-FB16-4788-AB74-0DB5252807F8}.Debug|x64.ActiveCfg = Debug|x64
		{DBB01EA8-FB16-4788-AB74-0DB5252807F8}.Debug|x64.Build.0 = Debug|x64
		{DBB01EA8-FB16-4788-AB74-0DB5252807F8}.Debug|x86.ActiveCfg = Debug|x86
		{DBB01EA8-FB16-4788-AB74-0DB5252807F8}.Debug|x86.Build.0 = Debug|x86
		{DBB01EA8-FB16-4788-AB74-0DB5252807F8}.Release|Any CPU.ActiveCfg = Release|Any CPU
		{DBB01EA8-FB16-4788-AB74-0DB5252807F8}.Release|Any CPU.Build.0 = Release|Any CPU
		{DBB01EA8-FB16-4788-AB74-0DB5252807F8}.Release|x64.ActiveCfg = Release|x64
		{DBB01EA8-FB16-4788-AB74-0DB5252807F8}.Release|x64.Build.0 = Release|x64
		{DBB01EA8-FB16-4788-AB74-0DB5252807F8}.Release|x86.ActiveCfg = Release|x86
		{DBB01EA8-FB16-4788-AB74-0DB5252807F8}.Release|x86.Build.0 = Release|x86
		{7952E768-4EED-4A63-B744-685EB376FB91}.Debug|Any CPU.ActiveCfg = Debug|Any CPU
		{7952E768-4EED-4A63-B744-685EB376FB91}.Debug|Any CPU.Build.0 = Debug|Any CPU
		{7952E768-4EED-4A63-B744-685EB376FB91}.Debug|x64.ActiveCfg = Debug|x64
		{7952E768-4EED-4A63-B744-685EB376FB91}.Debug|x64.Build.0 = Debug|x64
		{7952E768-4EED-4A63-B744-685EB376FB91}.Debug|x86.ActiveCfg = Debug|x86
		{7952E768-4EED-4A63-B744-685EB376FB91}.Debug|x86.Build.0 = Debug|x86
		{7952E768-4EED-4A63-B744-685EB376FB91}.Release|Any CPU.ActiveCfg = Release|Any CPU
		{7952E768-4EED-4A63-B744-685EB376FB91}.Release|Any CPU.Build.0 = Release|Any CPU
		{7952E768-4EED-4A63-B744-685EB376FB91}.Release|x64.ActiveCfg = Release|x64
		{7952E768-4EED-4A63-B744-685EB376FB91}.Release|x64.Build.0 = Release|x64
		{7952E768-4EED-4A63-B744-685EB376FB91}.Release|x86.ActiveCfg = Release|x86
		{7952E768-4EED-4A63-B744-685EB376FB91}.Release|x86.Build.0 = Release|x86
		{1D6F4DC9-44A9-4EB4-B7DD-BD1934C15A66}.Debug|Any CPU.ActiveCfg = Debug|Any CPU
		{1D6F4DC9-44A9-4EB4-B7DD-BD1934C15A66}.Debug|Any CPU.Build.0 = Debug|Any CPU
		{1D6F4DC9-44A9-4EB4-B7DD-BD1934C15A66}.Debug|x64.ActiveCfg = Debug|x64
		{1D6F4DC9-44A9-4EB4-B7DD-BD1934C15A66}.Debug|x64.Build.0 = Debug|x64
		{1D6F4DC9-44A9-4EB4-B7DD-BD1934C15A66}.Debug|x86.ActiveCfg = Debug|x86
		{1D6F4DC9-44A9-4EB4-B7DD-BD1934C15A66}.Debug|x86.Build.0 = Debug|x86
		{1D6F4DC9-44A9-4EB4-B7DD-BD1934C15A66}.Release|Any CPU.ActiveCfg = Release|Any CPU
		{1D6F4DC9-44A9-4EB4-B7DD-BD1934C15A66}.Release|Any CPU.Build.0 = Release|Any CPU
		{1D6F4DC9-44A9-4EB4-B7DD-BD1934C15A66}.Release|x64.ActiveCfg = Release|x64
		{1D6F4DC9-44A9-4EB4-B7DD-BD1934C15A66}.Release|x64.Build.0 = Release|x64
		{1D6F4DC9-44A9-4EB4-B7DD-BD1934C15A66}.Release|x86.ActiveCfg = Release|x86
		{1D6F4DC9-44A9-4EB4-B7DD-BD1934C15A66}.Release|x86.Build.0 = Release|x86
		{C42D95A0-5A16-481C-B806-381F2C02EB58}.Debug|Any CPU.ActiveCfg = Debug|Any CPU
		{C42D95A0-5A16-481C-B806-381F2C02EB58}.Debug|Any CPU.Build.0 = Debug|Any CPU
		{C42D95A0-5A16-481C-B806-381F2C02EB58}.Debug|x64.ActiveCfg = Debug|x64
		{C42D95A0-5A16-481C-B806-381F2C02EB58}.Debug|x64.Build.0 = Debug|x64
		{C42D95A0-5A16-481C-B806-381F2C02EB58}.Debug|x86.ActiveCfg = Debug|x86
		{C42D95A0-5A16-481C-B806-381F2C02EB58}.Debug|x86.Build.0 = Debug|x86
		{C42D95A0-5A16-481C-B806-381F2C02EB58}.Release|Any CPU.ActiveCfg = Release|Any CPU
		{C42D95A0-5A16-481C-B806-381F2C02EB58}.Release|Any CPU.Build.0 = Release|Any CPU
		{C42D95A0-5A16-481C-B806-381F2C02EB58}.Release|x64.ActiveCfg = Release|x64
		{C42D95A0-5A16-481C-B806-381F2C02EB58}.Release|x64.Build.0 = Release|x64
		{C42D95A0-5A16-481C-B806-381F2C02EB58}.Release|x86.ActiveCfg = Release|x86
		{C42D95A0-5A16-481C-B806-381F2C02EB58}.Release|x86.Build.0 = Release|x86
	EndGlobalSection
	GlobalSection(NestedProjects) = preSolution
		{8FDB0281-134B-4414-B8FA-3629898148C6} = {4F543A3C-B1DD-4CD2-8B7E-83052327A961}
		{B7E97509-3733-42BB-B3BC-FAC53612D998} = {4F543A3C-B1DD-4CD2-8B7E-83052327A961}
		{DD340B0A-ADFD-4801-B62A-80431C9A729C} = {4F543A3C-B1DD-4CD2-8B7E-83052327A961}
		{DBB01EA8-FB16-4788-AB74-0DB5252807F8} = {4F543A3C-B1DD-4CD2-8B7E-83052327A961}
		{7952E768-4EED-4A63-B744-685EB376FB91} = {4F543A3C-B1DD-4CD2-8B7E-83052327A961}
		{1D6F4DC9-44A9-4EB4-B7DD-BD1934C15A66} = {4F543A3C-B1DD-4CD2-8B7E-83052327A961}
		{C42D95A0-5A16-481C-B806-381F2C02EB58} = {5964D1C7-E8F3-4E03-97DE-CAC59FE3A9A9}
	EndGlobalSection
EndGlobal
